// !$*UTF8*$!
{
	archiveVersion = 1;
	classes = {
	};
	objectVersion = 46;
	objects = {

/* Begin PBXBuildFile section */
		2DE212FE1BAB9A1A009A9A1E /* main.m in Sources */ = {isa = PBXBuildFile; fileRef = 2DE212FD1BAB9A1A009A9A1E /* main.m */; };
		2DE213011BAB9A1A009A9A1E /* AppDelegate.m in Sources */ = {isa = PBXBuildFile; fileRef = 2DE213001BAB9A1A009A9A1E /* AppDelegate.m */; };
		2DE213041BAB9A1A009A9A1E /* ViewController.m in Sources */ = {isa = PBXBuildFile; fileRef = 2DE213031BAB9A1A009A9A1E /* ViewController.m */; };
		2DE213071BAB9A1A009A9A1E /* Main.storyboard in Resources */ = {isa = PBXBuildFile; fileRef = 2DE213051BAB9A1A009A9A1E /* Main.storyboard */; };
		2DE213091BAB9A1A009A9A1E /* Images.xcassets in Resources */ = {isa = PBXBuildFile; fileRef = 2DE213081BAB9A1A009A9A1E /* Images.xcassets */; };
		2DE2130C1BAB9A1A009A9A1E /* LaunchScreen.xib in Resources */ = {isa = PBXBuildFile; fileRef = 2DE2130A1BAB9A1A009A9A1E /* LaunchScreen.xib */; };
		2DE213181BAB9A1A009A9A1E /* test7Tests.m in Sources */ = {isa = PBXBuildFile; fileRef = 2DE213171BAB9A1A009A9A1E /* test7Tests.m */; };
/* End PBXBuildFile section */

/* Begin PBXContainerItemProxy section */
		2DE213121BAB9A1A009A9A1E /* PBXContainerItemProxy */ = {
			isa = PBXContainerItemProxy;
			containerPortal = 2DE212F01BAB9A1A009A9A1E /* Project object */;
			proxyType = 1;
			remoteGlobalIDString = 2DE212F71BAB9A1A009A9A1E;
			remoteInfo = test7;
		};
/* End PBXContainerItemProxy section */

/* Begin PBXFileReference section */
		2DE212F81BAB9A1A009A9A1E /* test7.app */ = {isa = PBXFileReference; explicitFileType = wrapper.application; includeInIndex = 0; path = test7.app; sourceTree = BUILT_PRODUCTS_DIR; };
		2DE212FC1BAB9A1A009A9A1E /* Info.plist */ = {isa = PBXFileReference; lastKnownFileType = text.plist.xml; path = Info.plist; sourceTree = "<group>"; };
		2DE212FD1BAB9A1A009A9A1E /* main.m */ = {isa = PBXFileReference; lastKnownFileType = sourcecode.c.objc; path = main.m; sourceTree = "<group>"; };
		2DE212FF1BAB9A1A009A9A1E /* AppDelegate.h */ = {isa = PBXFileReference; lastKnownFileType = sourcecode.c.h; path = AppDelegate.h; sourceTree = "<group>"; };
		2DE213001BAB9A1A009A9A1E /* AppDelegate.m */ = {isa = PBXFileReference; lastKnownFileType = sourcecode.c.objc; path = AppDelegate.m; sourceTree = "<group>"; };
		2DE213021BAB9A1A009A9A1E /* ViewController.h */ = {isa = PBXFileReference; lastKnownFileType = sourcecode.c.h; path = ViewController.h; sourceTree = "<group>"; };
		2DE213031BAB9A1A009A9A1E /* ViewController.m */ = {isa = PBXFileReference; lastKnownFileType = sourcecode.c.objc; path = ViewController.m; sourceTree = "<group>"; };
		2DE213061BAB9A1A009A9A1E /* Base */ = {isa = PBXFileReference; lastKnownFileType = file.storyboard; name = Base; path = Base.lproj/Main.storyboard; sourceTree = "<group>"; };
		2DE213081BAB9A1A009A9A1E /* Images.xcassets */ = {isa = PBXFileReference; lastKnownFileType = folder.assetcatalog; path = Images.xcassets; sourceTree = "<group>"; };
		2DE2130B1BAB9A1A009A9A1E /* Base */ = {isa = PBXFileReference; lastKnownFileType = file.xib; name = Base; path = Base.lproj/LaunchScreen.xib; sourceTree = "<group>"; };
		2DE213111BAB9A1A009A9A1E /* test7Tests.xctest */ = {isa = PBXFileReference; explicitFileType = wrapper.cfbundle; includeInIndex = 0; path = test7Tests.xctest; sourceTree = BUILT_PRODUCTS_DIR; };
		2DE213161BAB9A1A009A9A1E /* Info.plist */ = {isa = PBXFileReference; lastKnownFileType = text.plist.xml; path = Info.plist; sourceTree = "<group>"; };
		2DE213171BAB9A1A009A9A1E /* test7Tests.m */ = {isa = PBXFileReference; lastKnownFileType = sourcecode.c.objc; path = test7Tests.m; sourceTree = "<group>"; };
/* End PBXFileReference section */

/* Begin PBXFrameworksBuildPhase section */
		2DE212F51BAB9A1A009A9A1E /* Frameworks */ = {
			isa = PBXFrameworksBuildPhase;
			buildActionMask = 2147483647;
			files = (
			);
			runOnlyForDeploymentPostprocessing = 0;
		};
		2DE2130E1BAB9A1A009A9A1E /* Frameworks */ = {
			isa = PBXFrameworksBuildPhase;
			buildActionMask = 2147483647;
			files = (
			);
			runOnlyForDeploymentPostprocessing = 0;
		};
/* End PBXFrameworksBuildPhase section */

/* Begin PBXGroup section */
		2DE212EF1BAB9A1A009A9A1E = {
			isa = PBXGroup;
			children = (
				2DE212FA1BAB9A1A009A9A1E /* test7 */,
				2DE213141BAB9A1A009A9A1E /* test7Tests */,
				2DE212F91BAB9A1A009A9A1E /* Products */,
			);
			sourceTree = "<group>";
		};
		2DE212F91BAB9A1A009A9A1E /* Products */ = {
			isa = PBXGroup;
			children = (
				2DE212F81BAB9A1A009A9A1E /* test7.app */,
				2DE213111BAB9A1A009A9A1E /* test7Tests.xctest */,
			);
			name = Products;
			sourceTree = "<group>";
		};
		2DE212FA1BAB9A1A009A9A1E /* test7 */ = {
			isa = PBXGroup;
			children = (
				2DE212FF1BAB9A1A009A9A1E /* AppDelegate.h */,
				2DE213001BAB9A1A009A9A1E /* AppDelegate.m */,
				2DE213021BAB9A1A009A9A1E /* ViewController.h */,
				2DE213031BAB9A1A009A9A1E /* ViewController.m */,
				2DE213051BAB9A1A009A9A1E /* Main.storyboard */,
				2DE213081BAB9A1A009A9A1E /* Images.xcassets */,
				2DE2130A1BAB9A1A009A9A1E /* LaunchScreen.xib */,
				2DE212FB1BAB9A1A009A9A1E /* Supporting Files */,
			);
			path = test7;
			sourceTree = "<group>";
		};
		2DE212FB1BAB9A1A009A9A1E /* Supporting Files */ = {
			isa = PBXGroup;
			children = (
				2DE212FC1BAB9A1A009A9A1E /* Info.plist */,
				2DE212FD1BAB9A1A009A9A1E /* main.m */,
			);
			name = "Supporting Files";
			sourceTree = "<group>";
		};
		2DE213141BAB9A1A009A9A1E /* test7Tests */ = {
			isa = PBXGroup;
			children = (
				2DE213171BAB9A1A009A9A1E /* test7Tests.m */,
				2DE213151BAB9A1A009A9A1E /* Supporting Files */,
			);
			path = test7Tests;
			sourceTree = "<group>";
		};
		2DE213151BAB9A1A009A9A1E /* Supporting Files */ = {
			isa = PBXGroup;
			children = (
				2DE213161BAB9A1A009A9A1E /* Info.plist */,
			);
			name = "Supporting Files";
			sourceTree = "<group>";
		};
/* End PBXGroup section */

/* Begin PBXNativeTarget section */
		2DE212F71BAB9A1A009A9A1E /* test7 */ = {
			isa = PBXNativeTarget;
			buildConfigurationList = 2DE2131B1BAB9A1A009A9A1E /* Build configuration list for PBXNativeTarget "test7" */;
			buildPhases = (
				2DE212F41BAB9A1A009A9A1E /* Sources */,
				2DE212F51BAB9A1A009A9A1E /* Frameworks */,
				2DE212F61BAB9A1A009A9A1E /* Resources */,
			);
			buildRules = (
			);
			dependencies = (
			);
			name = test7;
			productName = test7;
			productReference = 2DE212F81BAB9A1A009A9A1E /* test7.app */;
			productType = "com.apple.product-type.application";
		};
		2DE213101BAB9A1A009A9A1E /* test7Tests */ = {
			isa = PBXNativeTarget;
			buildConfigurationList = 2DE2131E1BAB9A1A009A9A1E /* Build configuration list for PBXNativeTarget "test7Tests" */;
			buildPhases = (
				2DE2130D1BAB9A1A009A9A1E /* Sources */,
				2DE2130E1BAB9A1A009A9A1E /* Frameworks */,
				2DE2130F1BAB9A1A009A9A1E /* Resources */,
			);
			buildRules = (
			);
			dependencies = (
				2DE213131BAB9A1A009A9A1E /* PBXTargetDependency */,
			);
			name = test7Tests;
			productName = test7Tests;
			productReference = 2DE213111BAB9A1A009A9A1E /* test7Tests.xctest */;
			productType = "com.apple.product-type.bundle.unit-test";
		};
/* End PBXNativeTarget section */

/* Begin PBXProject section */
		2DE212F01BAB9A1A009A9A1E /* Project object */ = {
			isa = PBXProject;
			attributes = {
				LastUpgradeCheck = 0610;
				ORGANIZATIONNAME = WanRong;
				TargetAttributes = {
					2DE212F71BAB9A1A009A9A1E = {
						CreatedOnToolsVersion = 6.1.1;
					};
					2DE213101BAB9A1A009A9A1E = {
						CreatedOnToolsVersion = 6.1.1;
						TestTargetID = 2DE212F71BAB9A1A009A9A1E;
					};
				};
			};
			buildConfigurationList = 2DE212F31BAB9A1A009A9A1E /* Build configuration list for PBXProject "test7" */;
			compatibilityVersion = "Xcode 3.2";
			developmentRegion = English;
			hasScannedForEncodings = 0;
			knownRegions = (
				en,
				Base,
			);
			mainGroup = 2DE212EF1BAB9A1A009A9A1E;
			productRefGroup = 2DE212F91BAB9A1A009A9A1E /* Products */;
			projectDirPath = "";
			projectRoot = "";
			targets = (
				2DE212F71BAB9A1A009A9A1E /* test7 */,
				2DE213101BAB9A1A009A9A1E /* test7Tests */,
			);
		};
/* End PBXProject section */

/* Begin PBXResourcesBuildPhase section */
		2DE212F61BAB9A1A009A9A1E /* Resources */ = {
			isa = PBXResourcesBuildPhase;
			buildActionMask = 2147483647;
			files = (
				2DE213071BAB9A1A009A9A1E /* Main.storyboard in Resources */,
				2DE2130C1BAB9A1A009A9A1E /* LaunchScreen.xib in Resources */,
				2DE213091BAB9A1A009A9A1E /* Images.xcassets in Resources */,
			);
			runOnlyForDeploymentPostprocessing = 0;
		};
		2DE2130F1BAB9A1A009A9A1E /* Resources */ = {
			isa = PBXResourcesBuildPhase;
			buildActionMask = 2147483647;
			files = (
			);
			runOnlyForDeploymentPostprocessing = 0;
		};
/* End PBXResourcesBuildPhase section */

/* Begin PBXSourcesBuildPhase section */
		2DE212F41BAB9A1A009A9A1E /* Sources */ = {
			isa = PBXSourcesBuildPhase;
			buildActionMask = 2147483647;
			files = (
				2DE213041BAB9A1A009A9A1E /* ViewController.m in Sources */,
				2DE213011BAB9A1A009A9A1E /* AppDelegate.m in Sources */,
				2DE212FE1BAB9A1A009A9A1E /* main.m in Sources */,
			);
			runOnlyForDeploymentPostprocessing = 0;
		};
		2DE2130D1BAB9A1A009A9A1E /* Sources */ = {
			isa = PBXSourcesBuildPhase;
			buildActionMask = 2147483647;
			files = (
				2DE213181BAB9A1A009A9A1E /* test7Tests.m in Sources */,
			);
			runOnlyForDeploymentPostprocessing = 0;
		};
/* End PBXSourcesBuildPhase section */

/* Begin PBXTargetDependency section */
		2DE213131BAB9A1A009A9A1E /* PBXTargetDependency */ = {
			isa = PBXTargetDependency;
			target = 2DE212F71BAB9A1A009A9A1E /* test7 */;
			targetProxy = 2DE213121BAB9A1A009A9A1E /* PBXContainerItemProxy */;
		};
/* End PBXTargetDependency section */

/* Begin PBXVariantGroup section */
		2DE213051BAB9A1A009A9A1E /* Main.storyboard */ = {
			isa = PBXVariantGroup;
			children = (
				2DE213061BAB9A1A009A9A1E /* Base */,
			);
			name = Main.storyboard;
			sourceTree = "<group>";
		};
		2DE2130A1BAB9A1A009A9A1E /* LaunchScreen.xib */ = {
			isa = PBXVariantGroup;
			children = (
				2DE2130B1BAB9A1A009A9A1E /* Base */,
			);
			name = LaunchScreen.xib;
			sourceTree = "<group>";
		};
/* End PBXVariantGroup section */

/* Begin XCBuildConfiguration section */
		2DE213191BAB9A1A009A9A1E /* Debug */ = {
			isa = XCBuildConfiguration;
			buildSettings = {
				ALWAYS_SEARCH_USER_PATHS = NO;
				CLANG_CXX_LANGUAGE_STANDARD = "gnu++0x";
				CLANG_CXX_LIBRARY = "libc++";
				CLANG_ENABLE_MODULES = YES;
				CLANG_ENABLE_OBJC_ARC = YES;
				CLANG_WARN_BOOL_CONVERSION = YES;
				CLANG_WARN_CONSTANT_CONVERSION = YES;
				CLANG_WARN_DIRECT_OBJC_ISA_USAGE = YES_ERROR;
				CLANG_WARN_EMPTY_BODY = YES;
				CLANG_WARN_ENUM_CONVERSION = YES;
				CLANG_WARN_INT_CONVERSION = YES;
				CLANG_WARN_OBJC_ROOT_CLASS = YES_ERROR;
				CLANG_WARN_UNREACHABLE_CODE = YES;
				CLANG_WARN__DUPLICATE_METHOD_MATCH = YES;
				"CODE_SIGN_IDENTITY[sdk=iphoneos*]" = "iPhone Developer";
				COPY_PHASE_STRIP = NO;
				ENABLE_STRICT_OBJC_MSGSEND = YES;
				GCC_C_LANGUAGE_STANDARD = gnu99;
				GCC_DYNAMIC_NO_PIC = NO;
				GCC_OPTIMIZATION_LEVEL = 0;
				GCC_PREPROCESSOR_DEFINITIONS = (
					"DEBUG=1",
					"$(inherited)",
				);
				GCC_SYMBOLS_PRIVATE_EXTERN = NO;
				GCC_WARN_64_TO_32_BIT_CONVERSION = YES;
				GCC_WARN_ABOUT_RETURN_TYPE = YES_ERROR;
				GCC_WARN_UNDECLARED_SELECTOR = YES;
				GCC_WARN_UNINITIALIZED_AUTOS = YES_AGGRESSIVE;
				GCC_WARN_UNUSED_FUNCTION = YES;
				GCC_WARN_UNUSED_VARIABLE = YES;
				IPHONEOS_DEPLOYMENT_TARGET = 8.1;
				MTL_ENABLE_DEBUG_INFO = YES;
				ONLY_ACTIVE_ARCH = YES;
				SDKROOT = iphoneos;
			};
			name = Debug;
		};
		2DE2131A1BAB9A1A009A9A1E /* Release */ = {
			isa = XCBuildConfiguration;
			buildSettings = {
				ALWAYS_SEARCH_USER_PATHS = NO;
				CLANG_CXX_LANGUAGE_STANDARD = "gnu++0x";
				CLANG_CXX_LIBRARY = "libc++";
				CLANG_ENABLE_MODULES = YES;
				CLANG_ENABLE_OBJC_ARC = YES;
				CLANG_WARN_BOOL_CONVERSION = YES;
				CLANG_WARN_CONSTANT_CONVERSION = YES;
				CLANG_WARN_DIRECT_OBJC_ISA_USAGE = YES_ERROR;
				CLANG_WARN_EMPTY_BODY = YES;
				CLANG_WARN_ENUM_CONVERSION = YES;
				CLANG_WARN_INT_CONVERSION = YES;
				CLANG_WARN_OBJC_ROOT_CLASS = YES_ERROR;
				CLANG_WARN_UNREACHABLE_CODE = YES;
				CLANG_WARN__DUPLICATE_METHOD_MATCH = YES;
				"CODE_SIGN_IDENTITY[sdk=iphoneos*]" = "iPhone Developer";
				COPY_PHASE_STRIP = YES;
				ENABLE_NS_ASSERTIONS = NO;
				ENABLE_STRICT_OBJC_MSGSEND = YES;
				GCC_C_LANGUAGE_STANDARD = gnu99;
				GCC_WARN_64_TO_32_BIT_CONVERSION = YES;
				GCC_WARN_ABOUT_RETURN_TYPE = YES_ERROR;
				GCC_WARN_UNDECLARED_SELECTOR = YES;
				GCC_WARN_UNINITIALIZED_AUTOS = YES_AGGRESSIVE;
				GCC_WARN_UNUSED_FUNCTION = YES;
				GCC_WARN_UNUSED_VARIABLE = YES;
				IPHONEOS_DEPLOYMENT_TARGET = 8.1;
				MTL_ENABLE_DEBUG_INFO = NO;
				SDKROOT = iphoneos;
				VALIDATE_PRODUCT = YES;
			};
			name = Release;
		};
		2DE2131C1BAB9A1A009A9A1E /* Debug */ = {
			isa = XCBuildConfiguration;
			buildSettings = {
				ASSETCATALOG_COMPILER_APPICON_NAME = AppIcon;
				INFOPLIST_FILE = test7/Info.plist;
				LD_RUNPATH_SEARCH_PATHS = "$(inherited) @executable_path/Frameworks";
				PRODUCT_NAME = "$(TARGET_NAME)";
			};
			name = Debug;
		};
		2DE2131D1BAB9A1A009A9A1E /* Release */ = {
			isa = XCBuildConfiguration;
			buildSettings = {
				ASSETCATALOG_COMPILER_APPICON_NAME = AppIcon;
				INFOPLIST_FILE = test7/Info.plist;
				LD_RUNPATH_SEARCH_PATHS = "$(inherited) @executable_path/Frameworks";
				PRODUCT_NAME = "$(TARGET_NAME)";
			};
			name = Release;
		};
		2DE2131F1BAB9A1A009A9A1E /* Debug */ = {
			isa = XCBuildConfiguration;
			buildSettings = {
				BUNDLE_LOADER = "$(TEST_HOST)";
				FRAMEWORK_SEARCH_PATHS = (
					"$(SDKROOT)/Developer/Library/Frameworks",
					"$(inherited)",
				);
				GCC_PREPROCESSOR_DEFINITIONS = (
					"DEBUG=1",
					"$(inherited)",
				);
				INFOPLIST_FILE = test7Tests/Info.plist;
				LD_RUNPATH_SEARCH_PATHS = "$(inherited) @executable_path/Frameworks @loader_path/Frameworks";
				PRODUCT_NAME = "$(TARGET_NAME)";
				TEST_HOST = "$(BUILT_PRODUCTS_DIR)/test7.app/test7";
			};
			name = Debug;
		};
		2DE213201BAB9A1A009A9A1E /* Release */ = {
			isa = XCBuildConfiguration;
			buildSettings = {
				BUNDLE_LOADER = "$(TEST_HOST)";
				FRAMEWORK_SEARCH_PATHS = (
					"$(SDKROOT)/Developer/Library/Frameworks",
					"$(inherited)",
				);
				INFOPLIST_FILE = test7Tests/Info.plist;
				LD_RUNPATH_SEARCH_PATHS = "$(inherited) @executable_path/Frameworks @loader_path/Frameworks";
				PRODUCT_NAME = "$(TARGET_NAME)";
				TEST_HOST = "$(BUILT_PRODUCTS_DIR)/test7.app/test7";
			};
			name = Release;
		};
/* End XCBuildConfiguration section */

/* Begin XCConfigurationList section */
		2DE212F31BAB9A1A009A9A1E /* Build configuration list for PBXProject "test7" */ = {
			isa = XCConfigurationList;
			buildConfigurations = (
				2DE213191BAB9A1A009A9A1E /* Debug */,
				2DE2131A1BAB9A1A009A9A1E /* Release */,
			);
			defaultConfigurationIsVisible = 0;
			defaultConfigurationName = Release;
		};
		2DE2131B1BAB9A1A009A9A1E /* Build configuration list for PBXNativeTarget "test7" */ = {
			isa = XCConfigurationList;
			buildConfigurations = (
				2DE2131C1BAB9A1A009A9A1E /* Debug */,
				2DE2131D1BAB9A1A009A9A1E /* Release */,
			);
			defaultConfigurationIsVisible = 0;
		};
		2DE2131E1BAB9A1A009A9A1E /* Build configuration list for PBXNativeTarget "test7Tests" */ = {
			isa = XCConfigurationList;
			buildConfigurations = (
				2DE2131F1BAB9A1A009A9A1E /* Debug */,
				2DE213201BAB9A1A009A9A1E /* Release */,
			);
			defaultConfigurationIsVisible = 0;
		};
/* End XCConfigurationList section */
	};
	rootObject = 2DE212F01BAB9A1A009A9A1E /* Project object */;
}
